
Microsoft Visual Studio Solution File, Format Version 12.00
# Visual Studio Version 16
VisualStudioVersion = 16.0.29020.237
MinimumVisualStudioVersion = 10.0.40219.1
Project("{9A19103F-16F7-4668-BE54-9A1E7A4F7556}") = "core", "core\core.csproj", "{D6763C93-869A-49C8-9DA8-78AA748ACD6A}"
EndProject
Project("{FAE04EC0-301F-11D3-BF4B-00C04F79EFBC}") = "test", "test\test.csproj", "{FD272F7D-A845-450A-B4FE-A70C8EB95B5D}"
EndProject
Global
	GlobalSection(SolutionConfigurationPlatforms) = preSolution
		Debug|Any CPU = Debug|Any CPU
		Release|Any CPU = Release|Any CPU
	EndGlobalSection
	GlobalSection(ProjectConfigurationPlatforms) = postSolution
		{D6763C93-869A-49C8-9DA8-78AA748ACD6A}.Debug|Any CPU.ActiveCfg = Debug|Any CPU
		{D6763C93-869A-49C8-9DA8-78AA748ACD6A}.Debug|Any CPU.Build.0 = Debug|Any CPU
		{D6763C93-869A-49C8-9DA8-78AA748ACD6A}.Release|Any CPU.ActiveCfg = Release|Any CPU
		{D6763C93-869A-49C8-9DA8-78AA748ACD6A}.Release|Any CPU.Build.0 = Release|Any CPU
		{FD272F7D-A845-450A-B4FE-A70C8EB95B5D}.Debug|Any CPU.ActiveCfg = Debug|Any CPU
		{FD272F7D-A845-450A-B4FE-A70C8EB95B5D}.Debug|Any CPU.Build.0 = Debug|Any CPU
		{FD272F7D-A845-450A-B4FE-A70C8EB95B5D}.Release|Any CPU.ActiveCfg = Release|Any CPU
		{FD272F7D-A845-450A-B4FE-A70C8EB95B5D}.Release|Any CPU.Build.0 = Release|Any CPU
	EndGlobalSection
	GlobalSection(SolutionProperties) = preSolution
		HideSolutionNode = FALSE
	EndGlobalSection
	GlobalSection(ExtensibilityGlobals) = postSolution
		SolutionGuid = {0BCD3382-D9DE-42C1-8943-4BFEE54EA00B}
	EndGlobalSection
EndGlobal
